
Microsoft Visual Studio Solution File, Format Version 12.00
# Visual Studio Version 16
VisualStudioVersion = 16.0.33027.164
MinimumVisualStudioVersion = 10.0.40219.1
Project("{FAE04EC0-301F-11D3-BF4B-00C04F79EFBC}") = "QuanLyNhaSach", "QuanLyNhaSach\QuanLyNhaSach.csproj", "{00321EE6-FCAC-4281-AD5D-6D1345862C72}"
EndProject
Global
	GlobalSection(SolutionConfigurationPlatforms) = preSolution
		Debug|Any CPU = Debug|Any CPU
		Release|Any CPU = Release|Any CPU
	EndGlobalSection
	GlobalSection(ProjectConfigurationPlatforms) = postSolution
		{00321EE6-FCAC-4281-AD5D-6D1345862C72}.Debug|Any CPU.ActiveCfg = Debug|Any CPU
		{00321EE6-FCAC-4281-AD5D-6D1345862C72}.Debug|Any CPU.Build.0 = Debug|Any CPU
		{00321EE6-FCAC-4281-AD5D-6D1345862C72}.Release|Any CPU.ActiveCfg = Release|Any CPU
		{00321EE6-FCAC-4281-AD5D-6D1345862C72}.Release|Any CPU.Build.0 = Release|Any CPU
	EndGlobalSection
	GlobalSection(SolutionProperties) = preSolution
		HideSolutionNode = FALSE
	EndGlobalSection
	GlobalSection(ExtensibilityGlobals) = postSolution
		SolutionGuid = {78994F6A-D95F-4333-B382-2F6F6B617507}
	EndGlobalSection
EndGlobal
